
Microsoft Visual Studio Solution File, Format Version 12.00
# Visual Studio Version 16
VisualStudioVersion = 16.0.32901.82
MinimumVisualStudioVersion = 10.0.40219.1
Project("{8BC9CEB8-8B4A-11D0-8D11-00A0C91BC942}") = "Laboratorna 5_0", "Laboratorna 5_0\Laboratorna 5_0.vcxproj", "{8B94F6A3-21BD-422F-844B-3C0A843DC516}"
EndProject
Project("{8BC9CEB8-8B4A-11D0-8D11-00A0C91BC942}") = "UnitTest1", "UnitTest1\UnitTest1.vcxproj", "{51B13975-4991-4127-A144-5322A62891F6}"
EndProject
Global
	GlobalSection(SolutionConfigurationPlatforms) = preSolution
		Debug|x64 = Debug|x64
		Debug|x86 = Debug|x86
		Release|x64 = Release|x64
		Release|x86 = Release|x86
	EndGlobalSection
	GlobalSection(ProjectConfigurationPlatforms) = postSolution
		{8B94F6A3-21BD-422F-844B-3C0A843DC516}.Debug|x64.ActiveCfg = Debug|x64
		{8B94F6A3-21BD-422F-844B-3C0A843DC516}.Debug|x64.Build.0 = Debug|x64
		{8B94F6A3-21BD-422F-844B-3C0A843DC516}.Debug|x86.ActiveCfg = Debug|Win32
		{8B94F6A3-21BD-422F-844B-3C0A843DC516}.Debug|x86.Build.0 = Debug|Win32
		{8B94F6A3-21BD-422F-844B-3C0A843DC516}.Release|x64.ActiveCfg = Release|x64
		{8B94F6A3-21BD-422F-844B-3C0A843DC516}.Release|x64.Build.0 = Release|x64
		{8B94F6A3-21BD-422F-844B-3C0A843DC516}.Release|x86.ActiveCfg = Release|Win32
		{8B94F6A3-21BD-422F-844B-3C0A843DC516}.Release|x86.Build.0 = Release|Win32
		{51B13975-4991-4127-A144-5322A62891F6}.Debug|x64.ActiveCfg = Debug|x64
		{51B13975-4991-4127-A144-5322A62891F6}.Debug|x64.Build.0 = Debug|x64
		{51B13975-4991-4127-A144-5322A62891F6}.Debug|x86.ActiveCfg = Debug|Win32
		{51B13975-4991-4127-A144-5322A62891F6}.Debug|x86.Build.0 = Debug|Win32
		{51B13975-4991-4127-A144-5322A62891F6}.Release|x64.ActiveCfg = Release|x64
		{51B13975-4991-4127-A144-5322A62891F6}.Release|x64.Build.0 = Release|x64
		{51B13975-4991-4127-A144-5322A62891F6}.Release|x86.ActiveCfg = Release|Win32
		{51B13975-4991-4127-A144-5322A62891F6}.Release|x86.Build.0 = Release|Win32
	EndGlobalSection
	GlobalSection(SolutionProperties) = preSolution
		HideSolutionNode = FALSE
	EndGlobalSection
	GlobalSection(ExtensibilityGlobals) = postSolution
		SolutionGuid = {4ECDAB5E-DC89-4037-9A5F-A76CA9F8BEF1}
	EndGlobalSection
EndGlobal
